
Microsoft Visual Studio Solution File, Format Version 12.00
# Visual Studio Version 17
VisualStudioVersion = 17.9.34728.123
MinimumVisualStudioVersion = 10.0.40219.1
Project("{FAE04EC0-301F-11D3-BF4B-00C04F79EFBC}") = "WebAPIFornecedor", "WebAPIFornecedor\WebAPIFornecedor.csproj", "{FB003FDE-8456-4979-8046-74C412731FF8}"
EndProject
Global
	GlobalSection(SolutionConfigurationPlatforms) = preSolution
		Debug|Any CPU = Debug|Any CPU
		Release|Any CPU = Release|Any CPU
	EndGlobalSection
	GlobalSection(ProjectConfigurationPlatforms) = postSolution
		{FB003FDE-8456-4979-8046-74C412731FF8}.Debug|Any CPU.ActiveCfg = Debug|Any CPU
		{FB003FDE-8456-4979-8046-74C412731FF8}.Debug|Any CPU.Build.0 = Debug|Any CPU
		{FB003FDE-8456-4979-8046-74C412731FF8}.Release|Any CPU.ActiveCfg = Release|Any CPU
		{FB003FDE-8456-4979-8046-74C412731FF8}.Release|Any CPU.Build.0 = Release|Any CPU
	EndGlobalSection
	GlobalSection(SolutionProperties) = preSolution
		HideSolutionNode = FALSE
	EndGlobalSection
	GlobalSection(ExtensibilityGlobals) = postSolution
		SolutionGuid = {4AF7328D-DBB3-416C-B2BC-1680E062EC2F}
	EndGlobalSection
EndGlobal
